lockfileVersion: '9.0'

settings:
  autoInstallPeers: true
  excludeLinksFromLockfile: false

importers:

  .:
    dependencies:
      '@orpc/client':
        specifier: ^1.13.0
        version: 1.13.5
      '@orpc/contract':
        specifier: ^1.13.0
        version: 1.13.5
      '@orpc/openapi':
        specifier: ^1.13.0
        version: 1.13.5
      '@orpc/openapi-client':
        specifier: ^1.13.0
        version: 1.13.5
      '@orpc/server':
        specifier: ^1.13.0
        version: 1.13.5
      '@orpc/tanstack-query':
        specifier: ^1.13.0
        version: 1.13.5(@orpc/client@1.13.5)(@tanstack/query-core@5.90.20)
    devDependencies:
      '@biomejs/biome':
        specifier: ^2.4.1
        version: 2.4.1
      '@hey-api/codegen-core':
        specifier: ^0.7.0
        version: 0.7.0(typescript@5.9.3)
      '@hey-api/openapi-ts':
        specifier: ^0.92.0
        version: 0.92.4(typescript@5.9.3)
      '@hey-api/shared':
        specifier: ^0.2.0
        version: 0.2.0(typescript@5.9.3)
      typescript:
        specifier: 5.9.3
        version: 5.9.3

packages:

  '@biomejs/biome@2.4.1':
    resolution: {integrity: sha512-8c5DZQl1hfpLRlTZ21W5Ef2R314E4UJUEtkMbo303ElTVe6fYtapwldv7tZlgwm+9YP0Mhk7dUSTkOY8nQ2/2w==}
    engines: {node: '>=14.21.3'}
    hasBin: true

  '@biomejs/cli-darwin-arm64@2.4.1':
    resolution: {integrity: sha512-wKiX2znbgFRaivRplSbu53hiREp1ohlGRuWqOL90IPetLi5E32tkiMYu8uSLXVzDgbIVM58WsesPaczIVtJkOQ==}
    engines: {node: '>=14.21.3'}
    cpu: [arm64]
    os: [darwin]

  '@biomejs/cli-darwin-x64@2.4.1':
    resolution: {integrity: sha512-rxLYVg3skeXh9K0om7JdkKcCdvtqrF9ECZ7dsmLuYObboK7DZ1J0z6xc2NGKSXw+cEQo3ie6NQgWBcdGJ16yQg==}
    engines: {node: '>=14.21.3'}
    cpu: [x64]
    os: [darwin]

  '@biomejs/cli-linux-arm64-musl@2.4.1':
    resolution: {integrity: sha512-Brwh/QL3wfX5UyZcyEamS1Q+EF8Q7ud+MS5mq/9BWX2ArfxQlgsqlukwK92xrGpXWcspXkSG9U0CoxvCZZkTKQ==}
    engines: {node: '>=14.21.3'}
    cpu: [arm64]
    os: [linux]
    libc: [musl]

  '@biomejs/cli-linux-arm64@2.4.1':
    resolution: {integrity: sha512-nlGO5KzoEKhGj2i3QXyyNCeFk8SVwyes0wo0/X9w943darnlAHfi8MYYunPf8lsz5C0JaH6pJYB6D9HnDwUPQA==}
    engines: {node: '>=14.21.3'}
    cpu: [arm64]
    os: [linux]
    libc: [glibc]

  '@biomejs/cli-linux-x64-musl@2.4.1':
    resolution: {integrity: sha512-kz1QpA+PXouNyWw2VzeoMlzMn99hlyOC/El2uSy+DS8gcb6tOsKEeZ5e2onnFIfZKe9AeKMFbTowDNLXwjwGjw==}
    engines: {node: '>=14.21.3'}
    cpu: [x64]
    os: [linux]
    libc: [musl]

  '@biomejs/cli-linux-x64@2.4.1':
    resolution: {integrity: sha512-Rmhm/mQ/3pejy1WtWLKurV1fN6zvCrqKz/ART2ZzgqY4ozL07uys5R9jA0A+yLjA79JTkcpIe85ygXv0FnSPRg==}
    engines: {node: '>=14.21.3'}
    cpu: [x64]
    os: [linux]
    libc: [glibc]

  '@biomejs/cli-win32-arm64@2.4.1':
    resolution: {integrity: sha512-e+PrlbQ/tez7W9EAzzCGUH1ovq31kR5r8sfCDzasrmoADLnDafet8pA8LdXnt0GwkeOem5Hz6WHCVZPRmaXiXw==}
    engines: {node: '>=14.21.3'}
    cpu: [arm64]
    os: [win32]

  '@biomejs/cli-win32-x64@2.4.1':
    resolution: {integrity: sha512-kfjOCzvaHC7olg8pmEuSsYzHntxdipkAGzr5nFiaEU2EPDWRE/myqUBaFDl9pHqEc8yEtQFiXF945PlTSkuOTw==}
    engines: {node: '>=14.21.3'}
    cpu: [x64]
    os: [win32]

  '@hey-api/codegen-core@0.7.0':
    resolution: {integrity: sha512-HglL4B4QwpzocE+c8qDU6XK8zMf8W8Pcv0RpFDYxHuYALWLTnpDUuEsglC7NQ4vC1maoXsBpMbmwpco0N4QviA==}
    engines: {node: '>=20.19.0'}
    peerDependencies:
      typescript: '>=5.5.3'

  '@hey-api/json-schema-ref-parser@1.3.0':
    resolution: {integrity: sha512-3tQJ8N2egHXZjQWUeceoWrl88APWjo7gRrQ/L4HWJKnh6HowczCv7yNNFeSusPoWGV6HGdoFiCvq6UsLkrwKhg==}
    engines: {node: '>=20.19.0'}

  '@hey-api/openapi-ts@0.92.4':
    resolution: {integrity: sha512-RA3wnL7Odr5xczuS3xpvnPClgJ/K8jivK3hvD8J0m5GBuvJFkZ1A1xp+6Ve1G0BV8p4LwxwgN1Qhb+4BFsLfMg==}
    engines: {node: '>=20.19.0'}
    hasBin: true
    peerDependencies:
      typescript: '>=5.5.3'

  '@hey-api/shared@0.2.0':
    resolution: {integrity: sha512-t7C+65ES12OqAE5k6DB/y5nDuTjydtqdxf/Qe4zflVn2AzGs7hO/7KjXvGXZYnpNVF7QISAcj0LEObASU9I53Q==}
    engines: {node: '>=20.19.0'}
    peerDependencies:
      typescript: '>=5.5.3'

  '@hey-api/types@0.1.3':
    resolution: {integrity: sha512-mZaiPOWH761yD4GjDQvtjS2ZYLu5o5pI1TVSvV/u7cmbybv51/FVtinFBeaE1kFQCKZ8OQpn2ezjLBJrKsGATw==}
    peerDependencies:
      typescript: '>=5.5.3'

  '@jsdevtools/ono@7.1.3':
    resolution: {integrity: sha512-4JQNk+3mVzK3xh2rqd6RB4J46qUR19azEHBneZyTZM+c456qOrbbM/5xcR8huNCCcbVt7+UmizG6GuUvPvKUYg==}

  '@orpc/client@1.13.5':
    resolution: {integrity: sha512-j0VJpiWiFv9Xfan3NOoouHL07nSiHX8haxYaZzHYWSdWh+ABzwa8aRTwQSUpuCfD6i0EtYEZJAB6gVwtAnQoxQ==}

  '@orpc/contract@1.13.5':
    resolution: {integrity: sha512-JeklRu2kxsRKyaPeKqA40YHsGRLjQdAuEGNCNU6VxA3v4UReh8ZsDG+WvEoHfXIOLRn2VWBzEsbE1G2MwRCGsg==}

  '@orpc/interop@1.13.5':
    resolution: {integrity: sha512-l02yMZWJ9hJ2Z0PF14UsP2Hd71jbUbNgvA5/hxzGkx9ci89cgJ3F9yv3clpwz8VElfh2Qp9jta+peKgiRV1a5A==}

  '@orpc/openapi-client@1.13.5':
    resolution: {integrity: sha512-CyRc6Fg5PqOknmO1pTt7aI8fbv61lKLozIFUQWXi/XeRzFTAgULmNRDwrPFiDJVXMJESIb7alUIanxh4p0GRLQ==}

  '@orpc/openapi@1.13.5':
    resolution: {integrity: sha512-1GfVSCQ2Qfy8JrRdwei3oQmhj5AOnNntMzAF+YyZjfYhhqnFjWFyjk3iYfCJGih6TzpqmIxeLycPsvKcOhDwLQ==}

  '@orpc/server@1.13.5':
    resolution: {integrity: sha512-RiSzyZ8hp3XmG6F98czJNV3BsRW/5zjUnOk1v16KIiuYk3p46bYEpzhHJT5Sxr5DOjmm4xHTV+fe0gczyyf+gA==}
    peerDependencies:
      crossws: '>=0.3.4'
      ws: '>=8.18.1'
    peerDependenciesMeta:
      crossws:
        optional: true
      ws:
        optional: true

  '@orpc/shared@1.13.5':
    resolution: {integrity: sha512-yBFD9FqwazpbcOegEOZ0kAz7i9oNO110HX5AV5YAPGh+zxOY3RfZFXODQ5kBR1mr2nyo4ju+5ohYbJppZuWlcA==}
    peerDependencies:
      '@opentelemetry/api': '>=1.9.0'
    peerDependenciesMeta:
      '@opentelemetry/api':
        optional: true

  '@orpc/standard-server-aws-lambda@1.13.5':
    resolution: {integrity: sha512-fnjglw4a24ORmFxRgqrPATwOjxhjrAx7i1mDM9JYVSouRBb5X3J3kcvvOeuqiCw6Ov1X6WczykziB5cLy8aIpQ==}

  '@orpc/standard-server-fastify@1.13.5':
    resolution: {integrity: sha512-UxfCfwMYxZdkjYxAn+/wTeUUpdCrKdf5bHiO/BFq89jex3uVbfWWr0zbB7NVqonF2hUtBu88P6ZoGup1UCLkVQ==}
    peerDependencies:
      fastify: '>=5.6.1'
    peerDependenciesMeta:
      fastify:
        optional: true

  '@orpc/standard-server-fetch@1.13.5':
    resolution: {integrity: sha512-Z0xzVQ2rpLxjrsgUC5b4ezlAEpL4enDXx9fOJUfYouUUVnbgUkDe/uTpavKLgA/I97svWeZ5Smt6ycWuuoHoAQ==}

  '@orpc/standard-server-node@1.13.5':
    resolution: {integrity: sha512-cFyoKU6kHM2AcLd+fLdty3hohm5h1Sc0wAvXasI7PVZlx9mKxSfV1n4Ej2Una8ik1Jt62AH+o9fMLtPJ6/wvbQ==}

  '@orpc/standard-server-peer@1.13.5':
    resolution: {integrity: sha512-pEvnaYtwXaw2Fjy0VJyvfZTma/AprSUGSJlOcnfBySo0TU3ZfsB54vhTlQCCN+WUCGjInZ75vCjIQnGj3Af3gg==}

  '@orpc/standard-server@1.13.5':
    resolution: {integrity: sha512-Upu82h5TlKOWlttcL+TTkIxyJEzjdKWd8Ri9ya8o1+BxYiqd/y3TQnmBQM+pfj8N1w+zI86Q3cLGB8RGtMqf5g==}

  '@orpc/tanstack-query@1.13.5':
    resolution: {integrity: sha512-DUgwJ/IiXAf7CFes2eLFKwFS9bBB4y6OZCiiualHiBE8nUumUw1/ErbXJnD52JbbyT9EriITInUM5iz0c1PBjQ==}
    peerDependencies:
      '@orpc/client': 1.13.5
      '@tanstack/query-core': '>=5.80.2'

  '@standard-schema/spec@1.1.0':
    resolution: {integrity: sha512-l2aFy5jALhniG5HgqrD6jXLi/rUWrKvqN/qJx6yoJsgKhblVd+iqqU4RCXavm/jPityDo5TCvKMnpjKnOriy0w==}

  '@tanstack/query-core@5.90.20':
    resolution: {integrity: sha512-OMD2HLpNouXEfZJWcKeVKUgQ5n+n3A2JFmBaScpNDUqSrQSjiveC7dKMe53uJUg1nDG16ttFPz2xfilz6i2uVg==}

  '@types/json-schema@7.0.15':
    resolution: {integrity: sha512-5+fP8P8MFNC+AyZCDxrB2pkZFPGzqQWUzpSeuuVLvm8VMcorNYavBqoFcxK8bQz4Qsbn4oUEEem4wDLfcysGHA==}

  ansi-colors@4.1.3:
    resolution: {integrity: sha512-/6w/C21Pm1A7aZitlI5Ni/2J6FFQN8i1Cvz3kHABAAbw93v/NlvKdVOqz7CCWz/3iv/JplRSEEZ83XION15ovw==}
    engines: {node: '>=6'}

  argparse@2.0.1:
    resolution: {integrity: sha512-8+9WqebbFzpX9OR+Wa6O29asIogeRMzcGtAINdpMHHyAg10f05aSFVBbcEqGf/PXw1EjAZ+q2/bEBg3DvurK3Q==}

  bundle-name@4.1.0:
    resolution: {integrity: sha512-tjwM5exMg6BGRI+kNmTntNsvdZS1X8BFYS6tnJ2hdH0kVxM6/eVZ2xy+FqStSWvYmtfFMDLIxurorHwDKfDz5Q==}
    engines: {node: '>=18'}

  c12@3.3.3:
    resolution: {integrity: sha512-750hTRvgBy5kcMNPdh95Qo+XUBeGo8C7nsKSmedDmaQI+E0r82DwHeM6vBewDe4rGFbnxoa4V9pw+sPh5+Iz8Q==}
    peerDependencies:
      magicast: '*'
    peerDependenciesMeta:
      magicast:
        optional: true

  chokidar@5.0.0:
    resolution: {integrity: sha512-TQMmc3w+5AxjpL8iIiwebF73dRDF4fBIieAqGn9RGCWaEVwQ6Fb2cGe31Yns0RRIzii5goJ1Y7xbMwo1TxMplw==}
    engines: {node: '>= 20.19.0'}

  citty@0.1.6:
    resolution: {integrity: sha512-tskPPKEs8D2KPafUypv2gxwJP8h/OaJmC82QQGGDQcHvXX43xF2VDACcJVmZ0EuSxkpO9Kc4MlrA3q0+FG58AQ==}

  citty@0.2.1:
    resolution: {integrity: sha512-kEV95lFBhQgtogAPlQfJJ0WGVSokvLr/UEoFPiKKOXF7pl98HfUVUD0ejsuTCld/9xH9vogSywZ5KqHzXrZpqg==}

  color-support@1.1.3:
    resolution: {integrity: sha512-qiBjkpbMLO/HL68y+lh4q0/O1MZFj2RX6X/KmMa3+gJD3z+WwI1ZzDHysvqHGS3mP6mznPckpXmw1nI9cJjyRg==}
    hasBin: true

  commander@14.0.3:
    resolution: {integrity: sha512-H+y0Jo/T1RZ9qPP4Eh1pkcQcLRglraJaSLoyOtHxu6AapkjWVCy2Sit1QQ4x3Dng8qDlSsZEet7g5Pq06MvTgw==}
    engines: {node: '>=20'}

  confbox@0.2.4:
    resolution: {integrity: sha512-ysOGlgTFbN2/Y6Cg3Iye8YKulHw+R2fNXHrgSmXISQdMnomY6eNDprVdW9R5xBguEqI954+S6709UyiO7B+6OQ==}

  consola@3.4.2:
    resolution: {integrity: sha512-5IKcdX0nnYavi6G7TtOhwkYzyjfJlatbjMjuLSfE2kYT5pMDOilZ4OvMhi637CcDICTmz3wARPoyhqyX1Y+XvA==}
    engines: {node: ^14.18.0 || >=16.10.0}

  cookie@1.1.1:
    resolution: {integrity: sha512-ei8Aos7ja0weRpFzJnEA9UHJ/7XQmqglbRwnf2ATjcB9Wq874VKH9kfjjirM6UhU2/E5fFYadylyhFldcqSidQ==}
    engines: {node: '>=18'}

  cross-spawn@7.0.6:
    resolution: {integrity: sha512-uV2QOWP2nWzsy2aMp8aRibhi9dlzF5Hgh5SHaB9OiTGEyDTiJJyx0uy51QXdyWbtAHNua4XJzUKca3OzKUd3vA==}
    engines: {node: '>= 8'}

  default-browser-id@5.0.1:
    resolution: {integrity: sha512-x1VCxdX4t+8wVfd1so/9w+vQ4vx7lKd2Qp5tDRutErwmR85OgmfX7RlLRMWafRMY7hbEiXIbudNrjOAPa/hL8Q==}
    engines: {node: '>=18'}

  default-browser@5.5.0:
    resolution: {integrity: sha512-H9LMLr5zwIbSxrmvikGuI/5KGhZ8E2zH3stkMgM5LpOWDutGM2JZaj460Udnf1a+946zc7YBgrqEWwbk7zHvGw==}
    engines: {node: '>=18'}

  define-lazy-prop@3.0.0:
    resolution: {integrity: sha512-N+MeXYoqr3pOgn8xfyRPREN7gHakLYjhsHhWGT3fWAiL4IkAt0iDw14QiiEm2bE30c5XX5q0FtAA3CK5f9/BUg==}
    engines: {node: '>=12'}

  defu@6.1.4:
    resolution: {integrity: sha512-mEQCMmwJu317oSz8CwdIOdwf3xMif1ttiM8LTufzc3g6kR+9Pe236twL8j3IYT1F7GfRgGcW6MWxzZjLIkuHIg==}

  destr@2.0.5:
    resolution: {integrity: sha512-ugFTXCtDZunbzasqBxrK93Ik/DRYsO6S/fedkWEMKqt04xZ4csmnmwGDBAb07QWNaGMAmnTIemsYZCksjATwsA==}

  dotenv@17.3.1:
    resolution: {integrity: sha512-IO8C/dzEb6O3F9/twg6ZLXz164a2fhTnEWb95H23Dm4OuN+92NmEAlTrupP9VW6Jm3sO26tQlqyvyi4CsnY9GA==}
    engines: {node: '>=12'}

  exsolve@1.0.8:
    resolution: {integrity: sha512-LmDxfWXwcTArk8fUEnOfSZpHOJ6zOMUJKOtFLFqJLoKJetuQG874Uc7/Kki7zFLzYybmZhp1M7+98pfMqeX8yA==}

  giget@2.0.0:
    resolution: {integrity: sha512-L5bGsVkxJbJgdnwyuheIunkGatUF/zssUoxxjACCseZYAVbaqdh9Tsmmlkl8vYan09H7sbvKt4pS8GqKLBrEzA==}
    hasBin: true

  is-docker@3.0.0:
    resolution: {integrity: sha512-eljcgEDlEns/7AXFosB5K/2nCM4P7FQPkGc/DWLy5rmFEWvZayGrik1d9/QIY5nJ4f9YsVvBkA6kJpHn9rISdQ==}
    engines: {node: ^12.20.0 || ^14.13.1 || >=16.0.0}
    hasBin: true

  is-in-ssh@1.0.0:
    resolution: {integrity: sha512-jYa6Q9rH90kR1vKB6NM7qqd1mge3Fx4Dhw5TVlK1MUBqhEOuCagrEHMevNuCcbECmXZ0ThXkRm+Ymr51HwEPAw==}
    engines: {node: '>=20'}

  is-inside-container@1.0.0:
    resolution: {integrity: sha512-KIYLCCJghfHZxqjYBE7rEy0OBuTd5xCHS7tHVgvCLkx7StIoaxwNW3hCALgEUjFfeRk+MG/Qxmp/vtETEF3tRA==}
    engines: {node: '>=14.16'}
    hasBin: true

  is-wsl@3.1.1:
    resolution: {integrity: sha512-e6rvdUCiQCAuumZslxRJWR/Doq4VpPR82kqclvcS0efgt430SlGIk05vdCN58+VrzgtIcfNODjozVielycD4Sw==}
    engines: {node: '>=16'}

  isexe@2.0.0:
    resolution: {integrity: sha512-RHxMLp9lnKHGHRng9QFhRCMbYAcVpn69smSGcq3f36xjgVVWThj4qqLbTLlq7Ssj8B+fIQ1EuCEGI2lKsyQeIw==}

  jiti@2.6.1:
    resolution: {integrity: sha512-ekilCSN1jwRvIbgeg/57YFh8qQDNbwDb9xT/qu2DAHbFFZUicIl4ygVaAvzveMhMVr3LnpSKTNnwt8PoOfmKhQ==}
    hasBin: true

  js-yaml@4.1.1:
    resolution: {integrity: sha512-qQKT4zQxXl8lLwBtHMWwaTcGfFOZviOJet3Oy/xmGk2gZH677CJM9EvtfdSkgWcATZhj/55JZ0rmy3myCT5lsA==}
    hasBin: true

  json-schema-typed@8.0.2:
    resolution: {integrity: sha512-fQhoXdcvc3V28x7C7BMs4P5+kNlgUURe2jmUT1T//oBRMDrqy1QPelJimwZGo7Hg9VPV3EQV5Bnq4hbFy2vetA==}

  node-fetch-native@1.6.7:
    resolution: {integrity: sha512-g9yhqoedzIUm0nTnTqAQvueMPVOuIY16bqgAJJC8XOOubYFNwz6IER9qs0Gq2Xd0+CecCKFjtdDTMA4u4xG06Q==}

  nypm@0.6.5:
    resolution: {integrity: sha512-K6AJy1GMVyfyMXRVB88700BJqNUkByijGJM8kEHpLdcAt+vSQAVfkWWHYzuRXHSY6xA2sNc5RjTj0p9rE2izVQ==}
    engines: {node: '>=18'}
    hasBin: true

  ohash@2.0.11:
    resolution: {integrity: sha512-RdR9FQrFwNBNXAr4GixM8YaRZRJ5PUWbKYbE5eOsrwAjJW0q2REGcf79oYPsLyskQCZG1PLN+S/K1V00joZAoQ==}

  open@11.0.0:
    resolution: {integrity: sha512-smsWv2LzFjP03xmvFoJ331ss6h+jixfA4UUV/Bsiyuu4YJPfN+FIQGOIiv4w9/+MoHkfkJ22UIaQWRVFRfH6Vw==}
    engines: {node: '>=20'}

  openapi-types@12.1.3:
    resolution: {integrity: sha512-N4YtSYJqghVu4iek2ZUvcN/0aqH1kRDuNqzcycDxhOUpg7GdvLa2F3DgS6yBNhInhv2r/6I0Flkn7CqL8+nIcw==}

  path-key@3.1.1:
    resolution: {integrity: sha512-ojmeN0qd+y0jszEtoY48r0Peq5dwMEkIlCOu6Q5f41lfkswXuKtYrhgoTpLnyIcHm24Uhqx+5Tqm2InSwLhE6Q==}
    engines: {node: '>=8'}

  pathe@2.0.3:
    resolution: {integrity: sha512-WUjGcAqP1gQacoQe+OBJsFA7Ld4DyXuUIjZ5cc75cLHvJ7dtNsTugphxIADwspS+AraAUePCKrSVtPLFj/F88w==}

  perfect-debounce@2.1.0:
    resolution: {integrity: sha512-LjgdTytVFXeUgtHZr9WYViYSM/g8MkcTPYDlPa3cDqMirHjKiSZPYd6DoL7pK8AJQr+uWkQvCjHNdiMqsrJs+g==}

  pkg-types@2.3.0:
    resolution: {integrity: sha512-SIqCzDRg0s9npO5XQ3tNZioRY1uK06lA41ynBC1YmFTmnY6FjUjVt6s4LoADmwoig1qqD0oK8h1p/8mlMx8Oig==}

  powershell-utils@0.1.0:
    resolution: {integrity: sha512-dM0jVuXJPsDN6DvRpea484tCUaMiXWjuCn++HGTqUWzGDjv5tZkEZldAJ/UMlqRYGFrD/etByo4/xOuC/snX2A==}
    engines: {node: '>=20'}

  radash@12.1.1:
    resolution: {integrity: sha512-h36JMxKRqrAxVD8201FrCpyeNuUY9Y5zZwujr20fFO77tpUtGa6EZzfKw/3WaiBX95fq7+MpsuMLNdSnORAwSA==}
    engines: {node: '>=14.18.0'}

  rc9@2.1.2:
    resolution: {integrity: sha512-btXCnMmRIBINM2LDZoEmOogIZU7Qe7zn4BpomSKZ/ykbLObuBdvG+mFq11DL6fjH1DRwHhrlgtYWG96bJiC7Cg==}

  readdirp@5.0.0:
    resolution: {integrity: sha512-9u/XQ1pvrQtYyMpZe7DXKv2p5CNvyVwzUB6uhLAnQwHMSgKMBR62lc7AHljaeteeHXn11XTAaLLUVZYVZyuRBQ==}
    engines: {node: '>= 20.19.0'}

  rou3@0.7.12:
    resolution: {integrity: sha512-iFE4hLDuloSWcD7mjdCDhx2bKcIsYbtOTpfH5MHHLSKMOUyjqQXTeZVa289uuwEGEKFoE/BAPbhaU4B774nceg==}

  run-applescript@7.1.0:
    resolution: {integrity: sha512-DPe5pVFaAsinSaV6QjQ6gdiedWDcRCbUuiQfQa2wmWV7+xC9bGulGI8+TdRmoFkAPaBXk8CrAbnlY2ISniJ47Q==}
    engines: {node: '>=18'}

  semver@7.7.3:
    resolution: {integrity: sha512-SdsKMrI9TdgjdweUSR9MweHA4EJ8YxHn8DFaDisvhVlUOe4BF1tLD7GAj0lIqWVl+dPb/rExr0Btby5loQm20Q==}
    engines: {node: '>=10'}
    hasBin: true

  shebang-command@2.0.0:
    resolution: {integrity: sha512-kHxr2zZpYtdmrN1qDjrrX/Z1rR1kG8Dx+gkpK1G4eXmvXswmcE1hTWBWYUzlraYw1/yZp6YuDY77YtvbN0dmDA==}
    engines: {node: '>=8'}

  shebang-regex@3.0.0:
    resolution: {integrity: sha512-7++dFhtcx3353uBaq8DDR4NuxBetBzC7ZQOhmTQInHEd6bSrXdiEyzCvG07Z44UYdLShWUyXt5M/yhz8ekcb1A==}
    engines: {node: '>=8'}

  tagged-tag@1.0.0:
    resolution: {integrity: sha512-yEFYrVhod+hdNyx7g5Bnkkb0G6si8HJurOoOEgC8B/O0uXLHlaey/65KRv6cuWBNhBgHKAROVpc7QyYqE5gFng==}
    engines: {node: '>=20'}

  tinyexec@1.0.2:
    resolution: {integrity: sha512-W/KYk+NFhkmsYpuHq5JykngiOCnxeVL8v8dFnqxSD8qEEdRfXk1SDM6JzNqcERbcGYj9tMrDQBYV9cjgnunFIg==}
    engines: {node: '>=18'}

  type-fest@5.4.4:
    resolution: {integrity: sha512-JnTrzGu+zPV3aXIUhnyWJj4z/wigMsdYajGLIYakqyOW1nPllzXEJee0QQbHj+CTIQtXGlAjuK0UY+2xTyjVAw==}
    engines: {node: '>=20'}

  typescript@5.9.3:
    resolution: {integrity: sha512-jl1vZzPDinLr9eUt3J/t7V6FgNEw9QjvBPdysz9KfQDD41fQrC2Y4vKQdiaUpFT4bXlb1RHhLpp8wtm6M5TgSw==}
    engines: {node: '>=14.17'}
    hasBin: true

  which@2.0.2:
    resolution: {integrity: sha512-BLI3Tl1TW3Pvl70l3yq3Y64i+awpwXqsGBYWkkqMtnbXgrMD+yj7rhW0kuEDxzJaYXGjEW5ogapKNMEKNMjibA==}
    engines: {node: '>= 8'}
    hasBin: true

  wsl-utils@0.3.1:
    resolution: {integrity: sha512-g/eziiSUNBSsdDJtCLB8bdYEUMj4jR7AGeUo96p/3dTafgjHhpF4RiCFPiRILwjQoDXx5MqkBr4fwWtR3Ky4Wg==}
    engines: {node: '>=20'}

snapshots:

  '@biomejs/biome@2.4.1':
    optionalDependencies:
      '@biomejs/cli-darwin-arm64': 2.4.1
      '@biomejs/cli-darwin-x64': 2.4.1
      '@biomejs/cli-linux-arm64': 2.4.1
      '@biomejs/cli-linux-arm64-musl': 2.4.1
      '@biomejs/cli-linux-x64': 2.4.1
      '@biomejs/cli-linux-x64-musl': 2.4.1
      '@biomejs/cli-win32-arm64': 2.4.1
      '@biomejs/cli-win32-x64': 2.4.1

  '@biomejs/cli-darwin-arm64@2.4.1':
    optional: true

  '@biomejs/cli-darwin-x64@2.4.1':
    optional: true

  '@biomejs/cli-linux-arm64-musl@2.4.1':
    optional: true

  '@biomejs/cli-linux-arm64@2.4.1':
    optional: true

  '@biomejs/cli-linux-x64-musl@2.4.1':
    optional: true

  '@biomejs/cli-linux-x64@2.4.1':
    optional: true

  '@biomejs/cli-win32-arm64@2.4.1':
    optional: true

  '@biomejs/cli-win32-x64@2.4.1':
    optional: true

  '@hey-api/codegen-core@0.7.0(typescript@5.9.3)':
    dependencies:
      '@hey-api/types': 0.1.3(typescript@5.9.3)
      ansi-colors: 4.1.3
      c12: 3.3.3
      color-support: 1.1.3
      typescript: 5.9.3
    transitivePeerDependencies:
      - magicast

  '@hey-api/json-schema-ref-parser@1.3.0':
    dependencies:
      '@jsdevtools/ono': 7.1.3
      '@types/json-schema': 7.0.15
      js-yaml: 4.1.1

  '@hey-api/openapi-ts@0.92.4(typescript@5.9.3)':
    dependencies:
      '@hey-api/codegen-core': 0.7.0(typescript@5.9.3)
      '@hey-api/json-schema-ref-parser': 1.3.0
      '@hey-api/shared': 0.2.0(typescript@5.9.3)
      '@hey-api/types': 0.1.3(typescript@5.9.3)
      ansi-colors: 4.1.3
      color-support: 1.1.3
      commander: 14.0.3
      typescript: 5.9.3
    transitivePeerDependencies:
      - magicast

  '@hey-api/shared@0.2.0(typescript@5.9.3)':
    dependencies:
      '@hey-api/codegen-core': 0.7.0(typescript@5.9.3)
      '@hey-api/json-schema-ref-parser': 1.3.0
      '@hey-api/types': 0.1.3(typescript@5.9.3)
      ansi-colors: 4.1.3
      cross-spawn: 7.0.6
      open: 11.0.0
      semver: 7.7.3
      typescript: 5.9.3
    transitivePeerDependencies:
      - magicast

  '@hey-api/types@0.1.3(typescript@5.9.3)':
    dependencies:
      typescript: 5.9.3

  '@jsdevtools/ono@7.1.3': {}

  '@orpc/client@1.13.5':
    dependencies:
      '@orpc/shared': 1.13.5
      '@orpc/standard-server': 1.13.5
      '@orpc/standard-server-fetch': 1.13.5
      '@orpc/standard-server-peer': 1.13.5
    transitivePeerDependencies:
      - '@opentelemetry/api'

  '@orpc/contract@1.13.5':
    dependencies:
      '@orpc/client': 1.13.5
      '@orpc/shared': 1.13.5
      '@standard-schema/spec': 1.1.0
      openapi-types: 12.1.3
    transitivePeerDependencies:
      - '@opentelemetry/api'

  '@orpc/interop@1.13.5': {}

  '@orpc/openapi-client@1.13.5':
    dependencies:
      '@orpc/client': 1.13.5
      '@orpc/contract': 1.13.5
      '@orpc/shared': 1.13.5
      '@orpc/standard-server': 1.13.5
    transitivePeerDependencies:
      - '@opentelemetry/api'

  '@orpc/openapi@1.13.5':
    dependencies:
      '@orpc/client': 1.13.5
      '@orpc/contract': 1.13.5
      '@orpc/interop': 1.13.5
      '@orpc/openapi-client': 1.13.5
      '@orpc/server': 1.13.5
      '@orpc/shared': 1.13.5
      '@orpc/standard-server': 1.13.5
      json-schema-typed: 8.0.2
      rou3: 0.7.12
    transitivePeerDependencies:
      - '@opentelemetry/api'
      - crossws
      - fastify
      - ws

  '@orpc/server@1.13.5':
    dependencies:
      '@orpc/client': 1.13.5
      '@orpc/contract': 1.13.5
      '@orpc/interop': 1.13.5
      '@orpc/shared': 1.13.5
      '@orpc/standard-server': 1.13.5
      '@orpc/standard-server-aws-lambda': 1.13.5
      '@orpc/standard-server-fastify': 1.13.5
      '@orpc/standard-server-fetch': 1.13.5
      '@orpc/standard-server-node': 1.13.5
      '@orpc/standard-server-peer': 1.13.5
      cookie: 1.1.1
    transitivePeerDependencies:
      - '@opentelemetry/api'
      - fastify

  '@orpc/shared@1.13.5':
    dependencies:
      radash: 12.1.1
      type-fest: 5.4.4

  '@orpc/standard-server-aws-lambda@1.13.5':
    dependencies:
      '@orpc/shared': 1.13.5
      '@orpc/standard-server': 1.13.5
      '@orpc/standard-server-fetch': 1.13.5
      '@orpc/standard-server-node': 1.13.5
    transitivePeerDependencies:
      - '@opentelemetry/api'

  '@orpc/standard-server-fastify@1.13.5':
    dependencies:
      '@orpc/shared': 1.13.5
      '@orpc/standard-server': 1.13.5
      '@orpc/standard-server-node': 1.13.5
    transitivePeerDependencies:
      - '@opentelemetry/api'

  '@orpc/standard-server-fetch@1.13.5':
    dependencies:
      '@orpc/shared': 1.13.5
      '@orpc/standard-server': 1.13.5
    transitivePeerDependencies:
      - '@opentelemetry/api'

  '@orpc/standard-server-node@1.13.5':
    dependencies:
      '@orpc/shared': 1.13.5
      '@orpc/standard-server': 1.13.5
      '@orpc/standard-server-fetch': 1.13.5
    transitivePeerDependencies:
      - '@opentelemetry/api'

  '@orpc/standard-server-peer@1.13.5':
    dependencies:
      '@orpc/shared': 1.13.5
      '@orpc/standard-server': 1.13.5
    transitivePeerDependencies:
      - '@opentelemetry/api'

  '@orpc/standard-server@1.13.5':
    dependencies:
      '@orpc/shared': 1.13.5
    transitivePeerDependencies:
      - '@opentelemetry/api'

  '@orpc/tanstack-query@1.13.5(@orpc/client@1.13.5)(@tanstack/query-core@5.90.20)':
    dependencies:
      '@orpc/client': 1.13.5
      '@orpc/shared': 1.13.5
      '@tanstack/query-core': 5.90.20
    transitivePeerDependencies:
      - '@opentelemetry/api'

  '@standard-schema/spec@1.1.0': {}

  '@tanstack/query-core@5.90.20': {}

  '@types/json-schema@7.0.15': {}

  ansi-colors@4.1.3: {}

  argparse@2.0.1: {}

  bundle-name@4.1.0:
    dependencies:
      run-applescript: 7.1.0

  c12@3.3.3:
    dependencies:
      chokidar: 5.0.0
      confbox: 0.2.4
      defu: 6.1.4
      dotenv: 17.3.1
      exsolve: 1.0.8
      giget: 2.0.0
      jiti: 2.6.1
      ohash: 2.0.11
      pathe: 2.0.3
      perfect-debounce: 2.1.0
      pkg-types: 2.3.0
      rc9: 2.1.2

  chokidar@5.0.0:
    dependencies:
      readdirp: 5.0.0

  citty@0.1.6:
    dependencies:
      consola: 3.4.2

  citty@0.2.1: {}

  color-support@1.1.3: {}

  commander@14.0.3: {}

  confbox@0.2.4: {}

  consola@3.4.2: {}

  cookie@1.1.1: {}

  cross-spawn@7.0.6:
    dependencies:
      path-key: 3.1.1
      shebang-command: 2.0.0
      which: 2.0.2

  default-browser-id@5.0.1: {}

  default-browser@5.5.0:
    dependencies:
      bundle-name: 4.1.0
      default-browser-id: 5.0.1

  define-lazy-prop@3.0.0: {}

  defu@6.1.4: {}

  destr@2.0.5: {}

  dotenv@17.3.1: {}

  exsolve@1.0.8: {}

  giget@2.0.0:
    dependencies:
      citty: 0.1.6
      consola: 3.4.2
      defu: 6.1.4
      node-fetch-native: 1.6.7
      nypm: 0.6.5
      pathe: 2.0.3

  is-docker@3.0.0: {}

  is-in-ssh@1.0.0: {}

  is-inside-container@1.0.0:
    dependencies:
      is-docker: 3.0.0

  is-wsl@3.1.1:
    dependencies:
      is-inside-container: 1.0.0

  isexe@2.0.0: {}

  jiti@2.6.1: {}

  js-yaml@4.1.1:
    dependencies:
      argparse: 2.0.1

  json-schema-typed@8.0.2: {}

  node-fetch-native@1.6.7: {}

  nypm@0.6.5:
    dependencies:
      citty: 0.2.1
      pathe: 2.0.3
      tinyexec: 1.0.2

  ohash@2.0.11: {}

  open@11.0.0:
    dependencies:
      default-browser: 5.5.0
      define-lazy-prop: 3.0.0
      is-in-ssh: 1.0.0
      is-inside-container: 1.0.0
      powershell-utils: 0.1.0
      wsl-utils: 0.3.1

  openapi-types@12.1.3: {}

  path-key@3.1.1: {}

  pathe@2.0.3: {}

  perfect-debounce@2.1.0: {}

  pkg-types@2.3.0:
    dependencies:
      confbox: 0.2.4
      exsolve: 1.0.8
      pathe: 2.0.3

  powershell-utils@0.1.0: {}

  radash@12.1.1: {}

  rc9@2.1.2:
    dependencies:
      defu: 6.1.4
      destr: 2.0.5

  readdirp@5.0.0: {}

  rou3@0.7.12: {}

  run-applescript@7.1.0: {}

  semver@7.7.3: {}

  shebang-command@2.0.0:
    dependencies:
      shebang-regex: 3.0.0

  shebang-regex@3.0.0: {}

  tagged-tag@1.0.0: {}

  tinyexec@1.0.2: {}

  type-fest@5.4.4:
    dependencies:
      tagged-tag: 1.0.0

  typescript@5.9.3: {}

  which@2.0.2:
    dependencies:
      isexe: 2.0.0

  wsl-utils@0.3.1:
    dependencies:
      is-wsl: 3.1.1
      powershell-utils: 0.1.0
